
Microsoft Visual Studio Solution File, Format Version 12.00
# Visual Studio Version 17
VisualStudioVersion = 17.2.32616.157
MinimumVisualStudioVersion = 10.0.40219.1
Project("{9A19103F-16F7-4668-BE54-9A1E7A4F7556}") = "LearnRocky", "LearnRocky\LearnRocky.csproj", "{EC94E6E9-6C49-44F3-9423-999940CF288B}"
EndProject
Global
	GlobalSection(SolutionConfigurationPlatforms) = preSolution
		Debug|Any CPU = Debug|Any CPU
		Release|Any CPU = Release|Any CPU
	EndGlobalSection
	GlobalSection(ProjectConfigurationPlatforms) = postSolution
		{EC94E6E9-6C49-44F3-9423-999940CF288B}.Debug|Any CPU.ActiveCfg = Debug|Any CPU
		{EC94E6E9-6C49-44F3-9423-999940CF288B}.Debug|Any CPU.Build.0 = Debug|Any CPU
		{EC94E6E9-6C49-44F3-9423-999940CF288B}.Release|Any CPU.ActiveCfg = Release|Any CPU
		{EC94E6E9-6C49-44F3-9423-999940CF288B}.Release|Any CPU.Build.0 = Release|Any CPU
	EndGlobalSection
	GlobalSection(SolutionProperties) = preSolution
		HideSolutionNode = FALSE
	EndGlobalSection
	GlobalSection(ExtensibilityGlobals) = postSolution
		SolutionGuid = {84D045F7-5375-4DC6-9169-50F7D47C1131}
	EndGlobalSection
EndGlobal
